{
	"name": "@hugoalh/more-method",
	"version": "0.4.1",
	"lockfileVersion": 1,
	"requires": true,
	"dependencies": {
		"@hugoalh/advanced-determine": {
			"version": "6.0.6",
			"resolved": "https://registry.npmjs.org/@hugoalh/advanced-determine/-/advanced-determine-6.0.6.tgz",
			"integrity": "sha512-yRANg/qNoYPCcbO/pEUfkXxIgZ1dzZgyc2jEReW0dPtidt8VcS/Jb7S2uWZY8nEbX4UrbZzw3N3o6BTa575pzA=="
		},
		"ansi-regex": {
			"version": "6.0.0",
			"resolved": "https://registry.npmjs.org/ansi-regex/-/ansi-regex-6.0.0.tgz",
			"integrity": "sha512-tAaOSrWCHF+1Ear1Z4wnJCXA9GGox4K6Ic85a5qalES2aeEwQGr7UC93mwef49536PkCYjzkp0zIxfFvexJ6zQ=="
		},
		"char-regex": {
			"version": "2.0.0",
			"resolved": "https://registry.npmjs.org/char-regex/-/char-regex-2.0.0.tgz",
			"integrity": "sha512-oGu2QekBMXgyQNWPDRQ001bjvDnZe4/zBTz37TMbiKz1NbNiyiH5hRkobe7npRN6GfbGbxMYFck/vQ1r9c1VMA=="
		},
		"emoji-regex": {
			"version": "9.2.2",
			"resolved": "https://registry.npmjs.org/emoji-regex/-/emoji-regex-9.2.2.tgz",
			"integrity": "sha512-L18DaJsXSUk2+42pv8mLs5jJT2hqFkFE4j21wOmgbUqsZ2hL72NsUU785g9RXgo3s0ZNgVl42TiHp3ZtOv/Vyg=="
		},
		"is-fullwidth-code-point": {
			"version": "4.0.0",
			"resolved": "https://registry.npmjs.org/is-fullwidth-code-point/-/is-fullwidth-code-point-4.0.0.tgz",
			"integrity": "sha512-O4L094N2/dZ7xqVdrXhh9r1KODPJpFms8B5sGdJLPy664AgvXsreZUyCQQNItZRDlYug4xStLjNp/sz3HvBowQ=="
		}
	}
}
