{
	"name": "@hugoalh/more-method",
	"version": "0.3.0",
	"lockfileVersion": 1,
	"requires": true,
	"dependencies": {
		"@hugoalh/advanced-determine": {
			"version": "6.0.0",
			"resolved": "https://registry.npmjs.org/@hugoalh/advanced-determine/-/advanced-determine-6.0.0.tgz",
			"integrity": "sha512-f7v/155FZ/vkKrc4SCL481Hfxe+AV8k3nGEe+WY5+fGb+DiGoGBsA45bvivj16N2fCTyev2eifxATSIwtoe6Sg=="
		},
		"ansi-regex": {
			"version": "6.0.0",
			"resolved": "https://registry.npmjs.org/ansi-regex/-/ansi-regex-6.0.0.tgz",
			"integrity": "sha512-tAaOSrWCHF+1Ear1Z4wnJCXA9GGox4K6Ic85a5qalES2aeEwQGr7UC93mwef49536PkCYjzkp0zIxfFvexJ6zQ=="
		},
		"char-regex": {
			"version": "2.0.0",
			"resolved": "https://registry.npmjs.org/char-regex/-/char-regex-2.0.0.tgz",
			"integrity": "sha512-oGu2QekBMXgyQNWPDRQ001bjvDnZe4/zBTz37TMbiKz1NbNiyiH5hRkobe7npRN6GfbGbxMYFck/vQ1r9c1VMA=="
		},
		"emoji-regex": {
			"version": "9.2.2",
			"resolved": "https://registry.npmjs.org/emoji-regex/-/emoji-regex-9.2.2.tgz",
			"integrity": "sha512-L18DaJsXSUk2+42pv8mLs5jJT2hqFkFE4j21wOmgbUqsZ2hL72NsUU785g9RXgo3s0ZNgVl42TiHp3ZtOv/Vyg=="
		},
		"is-fullwidth-code-point": {
			"version": "4.0.0",
			"resolved": "https://registry.npmjs.org/is-fullwidth-code-point/-/is-fullwidth-code-point-4.0.0.tgz",
			"integrity": "sha512-O4L094N2/dZ7xqVdrXhh9r1KODPJpFms8B5sGdJLPy664AgvXsreZUyCQQNItZRDlYug4xStLjNp/sz3HvBowQ=="
		},
		"split-string": {
			"version": "6.1.0",
			"resolved": "https://registry.npmjs.org/split-string/-/split-string-6.1.0.tgz",
			"integrity": "sha512-9UBdnmnvx2NLLd4bMs7CEKK+wSzbujVv3ONyorkP1o8M3pVJQtXDO1cN19xD1JJs6ltOrtPrkUND0HzLSinUcA=="
		}
	}
}
