{
	"name": "@hugoalh/more-method",
	"version": "0.5.1",
	"lockfileVersion": 1,
	"requires": true,
	"dependencies": {
		"@hugoalh/advanced-determine": {
			"version": "6.1.2",
			"resolved": "https://registry.npmjs.org/@hugoalh/advanced-determine/-/advanced-determine-6.1.2.tgz",
			"integrity": "sha512-G4MY1i34aacKWbliV5so9b7hmzzHxkbGpYa4Nd2tdP/VSYV0HTH9DtlLEhRWNJHSq4T30YI63kW827SawjYGsw==",
			"requires": {
				"@hugoalh/repattern": "^0.1.1"
			},
			"dependencies": {
				"@hugoalh/repattern": {
					"version": "0.1.1",
					"resolved": "https://registry.npmjs.org/@hugoalh/repattern/-/repattern-0.1.1.tgz",
					"integrity": "sha512-SumfEYeZ47UjyKt1tCx9LvZrHPd3NqDrqkDCjJDaHg7I5p69E5BaiUy2QgesLOGVyEiunQhms0xiUvLBfhOlUA=="
				}
			}
		},
		"@hugoalh/repattern": {
			"version": "0.2.1",
			"resolved": "https://registry.npmjs.org/@hugoalh/repattern/-/repattern-0.2.1.tgz",
			"integrity": "sha512-tAhDahM3fu4AJRu4ZYBc0emZ4/oomIhESL+qW5vtr8DW8PEkc8PaYXH4pGIRJetRzcYnas5GY82RVscLZwMapw=="
		},
		"ansi-regex": {
			"version": "6.0.1",
			"resolved": "https://registry.npmjs.org/ansi-regex/-/ansi-regex-6.0.1.tgz",
			"integrity": "sha512-n5M855fKb2SsfMIiFFoVrABHJC8QtHwVx+mHWP3QcEqBHYienj5dHSgjbxtC0WEZXYt4wcD6zrQElDPhFuZgfA=="
		},
		"char-regex": {
			"version": "2.0.0",
			"resolved": "https://registry.npmjs.org/char-regex/-/char-regex-2.0.0.tgz",
			"integrity": "sha512-oGu2QekBMXgyQNWPDRQ001bjvDnZe4/zBTz37TMbiKz1NbNiyiH5hRkobe7npRN6GfbGbxMYFck/vQ1r9c1VMA=="
		},
		"emoji-regex": {
			"version": "9.2.2",
			"resolved": "https://registry.npmjs.org/emoji-regex/-/emoji-regex-9.2.2.tgz",
			"integrity": "sha512-L18DaJsXSUk2+42pv8mLs5jJT2hqFkFE4j21wOmgbUqsZ2hL72NsUU785g9RXgo3s0ZNgVl42TiHp3ZtOv/Vyg=="
		},
		"is-fullwidth-code-point": {
			"version": "4.0.0",
			"resolved": "https://registry.npmjs.org/is-fullwidth-code-point/-/is-fullwidth-code-point-4.0.0.tgz",
			"integrity": "sha512-O4L094N2/dZ7xqVdrXhh9r1KODPJpFms8B5sGdJLPy664AgvXsreZUyCQQNItZRDlYug4xStLjNp/sz3HvBowQ=="
		}
	}
}
